
Microsoft Visual Studio Solution File, Format Version 12.00
# Visual Studio Version 17
VisualStudioVersion = 17.7.34031.279
MinimumVisualStudioVersion = 10.0.40219.1
Project("{FAE04EC0-301F-11D3-BF4B-00C04F79EFBC}") = "PDFGenerator", "PDFGenerator\PDFGenerator.csproj", "{C5BF873E-B951-4D6E-BD12-D4C5F0E999BB}"
EndProject
Global
	GlobalSection(SolutionConfigurationPlatforms) = preSolution
		Debug|Any CPU = Debug|Any CPU
		Release|Any CPU = Release|Any CPU
	EndGlobalSection
	GlobalSection(ProjectConfigurationPlatforms) = postSolution
		{C5BF873E-B951-4D6E-BD12-D4C5F0E999BB}.Debug|Any CPU.ActiveCfg = Debug|Any CPU
		{C5BF873E-B951-4D6E-BD12-D4C5F0E999BB}.Debug|Any CPU.Build.0 = Debug|Any CPU
		{C5BF873E-B951-4D6E-BD12-D4C5F0E999BB}.Release|Any CPU.ActiveCfg = Release|Any CPU
		{C5BF873E-B951-4D6E-BD12-D4C5F0E999BB}.Release|Any CPU.Build.0 = Release|Any CPU
	EndGlobalSection
	GlobalSection(SolutionProperties) = preSolution
		HideSolutionNode = FALSE
	EndGlobalSection
	GlobalSection(ExtensibilityGlobals) = postSolution
		SolutionGuid = {7B2D97C2-5B24-4FDB-989B-514006C9AC3D}
	EndGlobalSection
EndGlobal
